{
  "name": "resources",
  "version": "0.1.0",
  "lockfileVersion": 2,
  "requires": true,
  "packages": {
    "": {
      "name": "resources",
      "version": "0.1.0",
      "license": "ISC",
      "dependencies": {
        "eliza-as-promised": "^0.0.2"
      }
    },
    "node_modules/eliza-as-promised": {
      "version": "0.0.2",
      "resolved": "https://registry.npmjs.org/eliza-as-promised/-/eliza-as-promised-0.0.2.tgz",
      "integrity": "sha512-irVdyCC0bSWizqPUWIyy9Y8jFUGM8dN7L05rtjbe9ihRVlaWVdLvO/6uCJ61CsFnFzkdGmaxkZVtvp2LIEC1kA==",
      "engines": {
        "node": "7"
      }
    }
  },
  "dependencies": {
    "eliza-as-promised": {
      "version": "0.0.2",
      "resolved": "https://registry.npmjs.org/eliza-as-promised/-/eliza-as-promised-0.0.2.tgz",
      "integrity": "sha512-irVdyCC0bSWizqPUWIyy9Y8jFUGM8dN7L05rtjbe9ihRVlaWVdLvO/6uCJ61CsFnFzkdGmaxkZVtvp2LIEC1kA=="
    }
  }
}
